// !$*UTF8*$!
{
	archiveVersion = 1;
	classes = {
	};
	objectVersion = 46;
	objects = {

/* Begin PBXBuildFile section */
		299284621ACA00780050221F /* AppDelegate.swift in Sources */ = {isa = PBXBuildFile; fileRef = 299284611ACA00780050221F /* AppDelegate.swift */; };
		299284641ACA00780050221F /* ViewController.swift in Sources */ = {isa = PBXBuildFile; fileRef = 299284631ACA00780050221F /* ViewController.swift */; };
		299284671ACA00780050221F /* Main.storyboard in Resources */ = {isa = PBXBuildFile; fileRef = 299284651ACA00780050221F /* Main.storyboard */; };
		299284691ACA00780050221F /* Images.xcassets in Resources */ = {isa = PBXBuildFile; fileRef = 299284681ACA00780050221F /* Images.xcassets */; };
		2992846C1ACA00780050221F /* LaunchScreen.xib in Resources */ = {isa = PBXBuildFile; fileRef = 2992846A1ACA00780050221F /* LaunchScreen.xib */; };
		299284781ACA00780050221F /* IOS_HW3_BJTests.swift in Sources */ = {isa = PBXBuildFile; fileRef = 299284771ACA00780050221F /* IOS_HW3_BJTests.swift */; };
/* End PBXBuildFile section */

/* Begin PBXContainerItemProxy section */
		299284721ACA00780050221F /* PBXContainerItemProxy */ = {
			isa = PBXContainerItemProxy;
			containerPortal = 299284541ACA00780050221F /* Project object */;
			proxyType = 1;
			remoteGlobalIDString = 2992845B1ACA00780050221F;
			remoteInfo = IOS_HW3_BJ;
		};
/* End PBXContainerItemProxy section */

/* Begin PBXFileReference section */
		2992845C1ACA00780050221F /* IOS_HW3_BJ.app */ = {isa = PBXFileReference; explicitFileType = wrapper.application; includeInIndex = 0; path = IOS_HW3_BJ.app; sourceTree = BUILT_PRODUCTS_DIR; };
		299284601ACA00780050221F /* Info.plist */ = {isa = PBXFileReference; lastKnownFileType = text.plist.xml; path = Info.plist; sourceTree = "<group>"; };
		299284611ACA00780050221F /* AppDelegate.swift */ = {isa = PBXFileReference; lastKnownFileType = sourcecode.swift; path = AppDelegate.swift; sourceTree = "<group>"; };
		299284631ACA00780050221F /* ViewController.swift */ = {isa = PBXFileReference; lastKnownFileType = sourcecode.swift; path = ViewController.swift; sourceTree = "<group>"; };
		299284661ACA00780050221F /* Base */ = {isa = PBXFileReference; lastKnownFileType = file.storyboard; name = Base; path = Base.lproj/Main.storyboard; sourceTree = "<group>"; };
		299284681ACA00780050221F /* Images.xcassets */ = {isa = PBXFileReference; lastKnownFileType = folder.assetcatalog; path = Images.xcassets; sourceTree = "<group>"; };
		2992846B1ACA00780050221F /* Base */ = {isa = PBXFileReference; lastKnownFileType = file.xib; name = Base; path = Base.lproj/LaunchScreen.xib; sourceTree = "<group>"; };
		299284711ACA00780050221F /* IOS_HW3_BJTests.xctest */ = {isa = PBXFileReference; explicitFileType = wrapper.cfbundle; includeInIndex = 0; path = IOS_HW3_BJTests.xctest; sourceTree = BUILT_PRODUCTS_DIR; };
		299284761ACA00780050221F /* Info.plist */ = {isa = PBXFileReference; lastKnownFileType = text.plist.xml; path = Info.plist; sourceTree = "<group>"; };
		299284771ACA00780050221F /* IOS_HW3_BJTests.swift */ = {isa = PBXFileReference; lastKnownFileType = sourcecode.swift; path = IOS_HW3_BJTests.swift; sourceTree = "<group>"; };
/* End PBXFileReference section */

/* Begin PBXFrameworksBuildPhase section */
		299284591ACA00780050221F /* Frameworks */ = {
			isa = PBXFrameworksBuildPhase;
			buildActionMask = 2147483647;
			files = (
			);
			runOnlyForDeploymentPostprocessing = 0;
		};
		2992846E1ACA00780050221F /* Frameworks */ = {
			isa = PBXFrameworksBuildPhase;
			buildActionMask = 2147483647;
			files = (
			);
			runOnlyForDeploymentPostprocessing = 0;
		};
/* End PBXFrameworksBuildPhase section */

/* Begin PBXGroup section */
		299284531ACA00780050221F = {
			isa = PBXGroup;
			children = (
				2992845E1ACA00780050221F /* IOS_HW3_BJ */,
				299284741ACA00780050221F /* IOS_HW3_BJTests */,
				2992845D1ACA00780050221F /* Products */,
			);
			sourceTree = "<group>";
		};
		2992845D1ACA00780050221F /* Products */ = {
			isa = PBXGroup;
			children = (
				2992845C1ACA00780050221F /* IOS_HW3_BJ.app */,
				299284711ACA00780050221F /* IOS_HW3_BJTests.xctest */,
			);
			name = Products;
			sourceTree = "<group>";
		};
		2992845E1ACA00780050221F /* IOS_HW3_BJ */ = {
			isa = PBXGroup;
			children = (
				299284611ACA00780050221F /* AppDelegate.swift */,
				299284631ACA00780050221F /* ViewController.swift */,
				299284651ACA00780050221F /* Main.storyboard */,
				299284681ACA00780050221F /* Images.xcassets */,
				2992846A1ACA00780050221F /* LaunchScreen.xib */,
				2992845F1ACA00780050221F /* Supporting Files */,
			);
			path = IOS_HW3_BJ;
			sourceTree = "<group>";
		};
		2992845F1ACA00780050221F /* Supporting Files */ = {
			isa = PBXGroup;
			children = (
				299284601ACA00780050221F /* Info.plist */,
			);
			name = "Supporting Files";
			sourceTree = "<group>";
		};
		299284741ACA00780050221F /* IOS_HW3_BJTests */ = {
			isa = PBXGroup;
			children = (
				299284771ACA00780050221F /* IOS_HW3_BJTests.swift */,
				299284751ACA00780050221F /* Supporting Files */,
			);
			path = IOS_HW3_BJTests;
			sourceTree = "<group>";
		};
		299284751ACA00780050221F /* Supporting Files */ = {
			isa = PBXGroup;
			children = (
				299284761ACA00780050221F /* Info.plist */,
			);
			name = "Supporting Files";
			sourceTree = "<group>";
		};
/* End PBXGroup section */

/* Begin PBXNativeTarget section */
		2992845B1ACA00780050221F /* IOS_HW3_BJ */ = {
			isa = PBXNativeTarget;
			buildConfigurationList = 2992847B1ACA00780050221F /* Build configuration list for PBXNativeTarget "IOS_HW3_BJ" */;
			buildPhases = (
				299284581ACA00780050221F /* Sources */,
				299284591ACA00780050221F /* Frameworks */,
				2992845A1ACA00780050221F /* Resources */,
			);
			buildRules = (
			);
			dependencies = (
			);
			name = IOS_HW3_BJ;
			productName = IOS_HW3_BJ;
			productReference = 2992845C1ACA00780050221F /* IOS_HW3_BJ.app */;
			productType = "com.apple.product-type.application";
		};
		299284701ACA00780050221F /* IOS_HW3_BJTests */ = {
			isa = PBXNativeTarget;
			buildConfigurationList = 2992847E1ACA00780050221F /* Build configuration list for PBXNativeTarget "IOS_HW3_BJTests" */;
			buildPhases = (
				2992846D1ACA00780050221F /* Sources */,
				2992846E1ACA00780050221F /* Frameworks */,
				2992846F1ACA00780050221F /* Resources */,
			);
			buildRules = (
			);
			dependencies = (
				299284731ACA00780050221F /* PBXTargetDependency */,
			);
			name = IOS_HW3_BJTests;
			productName = IOS_HW3_BJTests;
			productReference = 299284711ACA00780050221F /* IOS_HW3_BJTests.xctest */;
			productType = "com.apple.product-type.bundle.unit-test";
		};
/* End PBXNativeTarget section */

/* Begin PBXProject section */
		299284541ACA00780050221F /* Project object */ = {
			isa = PBXProject;
			attributes = {
				LastUpgradeCheck = 0610;
				ORGANIZATIONNAME = Asees;
				TargetAttributes = {
					2992845B1ACA00780050221F = {
						CreatedOnToolsVersion = 6.1;
					};
					299284701ACA00780050221F = {
						CreatedOnToolsVersion = 6.1;
						TestTargetID = 2992845B1ACA00780050221F;
					};
				};
			};
			buildConfigurationList = 299284571ACA00780050221F /* Build configuration list for PBXProject "IOS_HW3_BJ" */;
			compatibilityVersion = "Xcode 3.2";
			developmentRegion = English;
			hasScannedForEncodings = 0;
			knownRegions = (
				en,
				Base,
			);
			mainGroup = 299284531ACA00780050221F;
			productRefGroup = 2992845D1ACA00780050221F /* Products */;
			projectDirPath = "";
			projectRoot = "";
			targets = (
				2992845B1ACA00780050221F /* IOS_HW3_BJ */,
				299284701ACA00780050221F /* IOS_HW3_BJTests */,
			);
		};
/* End PBXProject section */

/* Begin PBXResourcesBuildPhase section */
		2992845A1ACA00780050221F /* Resources */ = {
			isa = PBXResourcesBuildPhase;
			buildActionMask = 2147483647;
			files = (
				299284671ACA00780050221F /* Main.storyboard in Resources */,
				2992846C1ACA00780050221F /* LaunchScreen.xib in Resources */,
				299284691ACA00780050221F /* Images.xcassets in Resources */,
			);
			runOnlyForDeploymentPostprocessing = 0;
		};
		2992846F1ACA00780050221F /* Resources */ = {
			isa = PBXResourcesBuildPhase;
			buildActionMask = 2147483647;
			files = (
			);
			runOnlyForDeploymentPostprocessing = 0;
		};
/* End PBXResourcesBuildPhase section */

/* Begin PBXSourcesBuildPhase section */
		299284581ACA00780050221F /* Sources */ = {
			isa = PBXSourcesBuildPhase;
			buildActionMask = 2147483647;
			files = (
				299284641ACA00780050221F /* ViewController.swift in Sources */,
				299284621ACA00780050221F /* AppDelegate.swift in Sources */,
			);
			runOnlyForDeploymentPostprocessing = 0;
		};
		2992846D1ACA00780050221F /* Sources */ = {
			isa = PBXSourcesBuildPhase;
			buildActionMask = 2147483647;
			files = (
				299284781ACA00780050221F /* IOS_HW3_BJTests.swift in Sources */,
			);
			runOnlyForDeploymentPostprocessing = 0;
		};
/* End PBXSourcesBuildPhase section */

/* Begin PBXTargetDependency section */
		299284731ACA00780050221F /* PBXTargetDependency */ = {
			isa = PBXTargetDependency;
			target = 2992845B1ACA00780050221F /* IOS_HW3_BJ */;
			targetProxy = 299284721ACA00780050221F /* PBXContainerItemProxy */;
		};
/* End PBXTargetDependency section */

/* Begin PBXVariantGroup section */
		299284651ACA00780050221F /* Main.storyboard */ = {
			isa = PBXVariantGroup;
			children = (
				299284661ACA00780050221F /* Base */,
			);
			name = Main.storyboard;
			sourceTree = "<group>";
		};
		2992846A1ACA00780050221F /* LaunchScreen.xib */ = {
			isa = PBXVariantGroup;
			children = (
				2992846B1ACA00780050221F /* Base */,
			);
			name = LaunchScreen.xib;
			sourceTree = "<group>";
		};
/* End PBXVariantGroup section */

/* Begin XCBuildConfiguration section */
		299284791ACA00780050221F /* Debug */ = {
			isa = XCBuildConfiguration;
			buildSettings = {
				ALWAYS_SEARCH_USER_PATHS = NO;
				CLANG_CXX_LANGUAGE_STANDARD = "gnu++0x";
				CLANG_CXX_LIBRARY = "libc++";
				CLANG_ENABLE_MODULES = YES;
				CLANG_ENABLE_OBJC_ARC = YES;
				CLANG_WARN_BOOL_CONVERSION = YES;
				CLANG_WARN_CONSTANT_CONVERSION = YES;
				CLANG_WARN_DIRECT_OBJC_ISA_USAGE = YES_ERROR;
				CLANG_WARN_EMPTY_BODY = YES;
				CLANG_WARN_ENUM_CONVERSION = YES;
				CLANG_WARN_INT_CONVERSION = YES;
				CLANG_WARN_OBJC_ROOT_CLASS = YES_ERROR;
				CLANG_WARN_UNREACHABLE_CODE = YES;
				CLANG_WARN__DUPLICATE_METHOD_MATCH = YES;
				"CODE_SIGN_IDENTITY[sdk=iphoneos*]" = "iPhone Developer";
				COPY_PHASE_STRIP = NO;
				ENABLE_STRICT_OBJC_MSGSEND = YES;
				GCC_C_LANGUAGE_STANDARD = gnu99;
				GCC_DYNAMIC_NO_PIC = NO;
				GCC_OPTIMIZATION_LEVEL = 0;
				GCC_PREPROCESSOR_DEFINITIONS = (
					"DEBUG=1",
					"$(inherited)",
				);
				GCC_SYMBOLS_PRIVATE_EXTERN = NO;
				GCC_WARN_64_TO_32_BIT_CONVERSION = YES;
				GCC_WARN_ABOUT_RETURN_TYPE = YES_ERROR;
				GCC_WARN_UNDECLARED_SELECTOR = YES;
				GCC_WARN_UNINITIALIZED_AUTOS = YES_AGGRESSIVE;
				GCC_WARN_UNUSED_FUNCTION = YES;
				GCC_WARN_UNUSED_VARIABLE = YES;
				IPHONEOS_DEPLOYMENT_TARGET = 8.1;
				MTL_ENABLE_DEBUG_INFO = YES;
				ONLY_ACTIVE_ARCH = YES;
				SDKROOT = iphoneos;
				SWIFT_OPTIMIZATION_LEVEL = "-Onone";
			};
			name = Debug;
		};
		2992847A1ACA00780050221F /* Release */ = {
			isa = XCBuildConfiguration;
			buildSettings = {
				ALWAYS_SEARCH_USER_PATHS = NO;
				CLANG_CXX_LANGUAGE_STANDARD = "gnu++0x";
				CLANG_CXX_LIBRARY = "libc++";
				CLANG_ENABLE_MODULES = YES;
				CLANG_ENABLE_OBJC_ARC = YES;
				CLANG_WARN_BOOL_CONVERSION = YES;
				CLANG_WARN_CONSTANT_CONVERSION = YES;
				CLANG_WARN_DIRECT_OBJC_ISA_USAGE = YES_ERROR;
				CLANG_WARN_EMPTY_BODY = YES;
				CLANG_WARN_ENUM_CONVERSION = YES;
				CLANG_WARN_INT_CONVERSION = YES;
				CLANG_WARN_OBJC_ROOT_CLASS = YES_ERROR;
				CLANG_WARN_UNREACHABLE_CODE = YES;
				CLANG_WARN__DUPLICATE_METHOD_MATCH = YES;
				"CODE_SIGN_IDENTITY[sdk=iphoneos*]" = "iPhone Developer";
				COPY_PHASE_STRIP = YES;
				ENABLE_NS_ASSERTIONS = NO;
				ENABLE_STRICT_OBJC_MSGSEND = YES;
				GCC_C_LANGUAGE_STANDARD = gnu99;
				GCC_WARN_64_TO_32_BIT_CONVERSION = YES;
				GCC_WARN_ABOUT_RETURN_TYPE = YES_ERROR;
				GCC_WARN_UNDECLARED_SELECTOR = YES;
				GCC_WARN_UNINITIALIZED_AUTOS = YES_AGGRESSIVE;
				GCC_WARN_UNUSED_FUNCTION = YES;
				GCC_WARN_UNUSED_VARIABLE = YES;
				IPHONEOS_DEPLOYMENT_TARGET = 8.1;
				MTL_ENABLE_DEBUG_INFO = NO;
				SDKROOT = iphoneos;
				VALIDATE_PRODUCT = YES;
			};
			name = Release;
		};
		2992847C1ACA00780050221F /* Debug */ = {
			isa = XCBuildConfiguration;
			buildSettings = {
				ASSETCATALOG_COMPILER_APPICON_NAME = AppIcon;
				INFOPLIST_FILE = IOS_HW3_BJ/Info.plist;
				LD_RUNPATH_SEARCH_PATHS = "$(inherited) @executable_path/Frameworks";
				PRODUCT_NAME = "$(TARGET_NAME)";
			};
			name = Debug;
		};
		2992847D1ACA00780050221F /* Release */ = {
			isa = XCBuildConfiguration;
			buildSettings = {
				ASSETCATALOG_COMPILER_APPICON_NAME = AppIcon;
				INFOPLIST_FILE = IOS_HW3_BJ/Info.plist;
				LD_RUNPATH_SEARCH_PATHS = "$(inherited) @executable_path/Frameworks";
				PRODUCT_NAME = "$(TARGET_NAME)";
			};
			name = Release;
		};
		2992847F1ACA00780050221F /* Debug */ = {
			isa = XCBuildConfiguration;
			buildSettings = {
				BUNDLE_LOADER = "$(TEST_HOST)";
				FRAMEWORK_SEARCH_PATHS = (
					"$(SDKROOT)/Developer/Library/Frameworks",
					"$(inherited)",
				);
				GCC_PREPROCESSOR_DEFINITIONS = (
					"DEBUG=1",
					"$(inherited)",
				);
				INFOPLIST_FILE = IOS_HW3_BJTests/Info.plist;
				LD_RUNPATH_SEARCH_PATHS = "$(inherited) @executable_path/Frameworks @loader_path/Frameworks";
				PRODUCT_NAME = "$(TARGET_NAME)";
				TEST_HOST = "$(BUILT_PRODUCTS_DIR)/IOS_HW3_BJ.app/IOS_HW3_BJ";
			};
			name = Debug;
		};
		299284801ACA00780050221F /* Release */ = {
			isa = XCBuildConfiguration;
			buildSettings = {
				BUNDLE_LOADER = "$(TEST_HOST)";
				FRAMEWORK_SEARCH_PATHS = (
					"$(SDKROOT)/Developer/Library/Frameworks",
					"$(inherited)",
				);
				INFOPLIST_FILE = IOS_HW3_BJTests/Info.plist;
				LD_RUNPATH_SEARCH_PATHS = "$(inherited) @executable_path/Frameworks @loader_path/Frameworks";
				PRODUCT_NAME = "$(TARGET_NAME)";
				TEST_HOST = "$(BUILT_PRODUCTS_DIR)/IOS_HW3_BJ.app/IOS_HW3_BJ";
			};
			name = Release;
		};
/* End XCBuildConfiguration section */

/* Begin XCConfigurationList section */
		299284571ACA00780050221F /* Build configuration list for PBXProject "IOS_HW3_BJ" */ = {
			isa = XCConfigurationList;
			buildConfigurations = (
				299284791ACA00780050221F /* Debug */,
				2992847A1ACA00780050221F /* Release */,
			);
			defaultConfigurationIsVisible = 0;
			defaultConfigurationName = Release;
		};
		2992847B1ACA00780050221F /* Build configuration list for PBXNativeTarget "IOS_HW3_BJ" */ = {
			isa = XCConfigurationList;
			buildConfigurations = (
				2992847C1ACA00780050221F /* Debug */,
				2992847D1ACA00780050221F /* Release */,
			);
			defaultConfigurationIsVisible = 0;
		};
		2992847E1ACA00780050221F /* Build configuration list for PBXNativeTarget "IOS_HW3_BJTests" */ = {
			isa = XCConfigurationList;
			buildConfigurations = (
				2992847F1ACA00780050221F /* Debug */,
				299284801ACA00780050221F /* Release */,
			);
			defaultConfigurationIsVisible = 0;
		};
/* End XCConfigurationList section */
	};
	rootObject = 299284541ACA00780050221F /* Project object */;
}
